
Microsoft Visual Studio Solution File, Format Version 12.00
# Visual Studio 14
VisualStudioVersion = 14.0.25420.1
MinimumVisualStudioVersion = 10.0.40219.1
Project("{8BC9CEB8-8B4A-11D0-8D11-00A0C91BC942}") = "Lib", "Lib\Lib.vcxproj", "{139F4C24-6D46-4FDD-9BF3-5E986A92C1CE}"
EndProject
Project("{8BC9CEB8-8B4A-11D0-8D11-00A0C91BC942}") = "MFC", "MFC\MFC.vcxproj", "{38A3B433-9A46-41DF-B952-FC7401B0A75A}"
EndProject
Global
	GlobalSection(SolutionConfigurationPlatforms) = preSolution
		Debug|x64 = Debug|x64
		Debug|x86 = Debug|x86
		Release|x64 = Release|x64
		Release|x86 = Release|x86
	EndGlobalSection
	GlobalSection(ProjectConfigurationPlatforms) = postSolution
		{139F4C24-6D46-4FDD-9BF3-5E986A92C1CE}.Debug|x64.ActiveCfg = Debug|x64
		{139F4C24-6D46-4FDD-9BF3-5E986A92C1CE}.Debug|x64.Build.0 = Debug|x64
		{139F4C24-6D46-4FDD-9BF3-5E986A92C1CE}.Debug|x86.ActiveCfg = Debug|Win32
		{139F4C24-6D46-4FDD-9BF3-5E986A92C1CE}.Debug|x86.Build.0 = Debug|Win32
		{139F4C24-6D46-4FDD-9BF3-5E986A92C1CE}.Release|x64.ActiveCfg = Release|x64
		{139F4C24-6D46-4FDD-9BF3-5E986A92C1CE}.Release|x64.Build.0 = Release|x64
		{139F4C24-6D46-4FDD-9BF3-5E986A92C1CE}.Release|x86.ActiveCfg = Release|Win32
		{139F4C24-6D46-4FDD-9BF3-5E986A92C1CE}.Release|x86.Build.0 = Release|Win32
		{38A3B433-9A46-41DF-B952-FC7401B0A75A}.Debug|x64.ActiveCfg = Debug|x64
		{38A3B433-9A46-41DF-B952-FC7401B0A75A}.Debug|x64.Build.0 = Debug|x64
		{38A3B433-9A46-41DF-B952-FC7401B0A75A}.Debug|x86.ActiveCfg = Debug|Win32
		{38A3B433-9A46-41DF-B952-FC7401B0A75A}.Debug|x86.Build.0 = Debug|Win32
		{38A3B433-9A46-41DF-B952-FC7401B0A75A}.Release|x64.ActiveCfg = Release|x64
		{38A3B433-9A46-41DF-B952-FC7401B0A75A}.Release|x64.Build.0 = Release|x64
		{38A3B433-9A46-41DF-B952-FC7401B0A75A}.Release|x86.ActiveCfg = Release|Win32
		{38A3B433-9A46-41DF-B952-FC7401B0A75A}.Release|x86.Build.0 = Release|Win32
	EndGlobalSection
	GlobalSection(SolutionProperties) = preSolution
		HideSolutionNode = FALSE
	EndGlobalSection
EndGlobal
